
Microsoft Visual Studio Solution File, Format Version 12.00
# Visual Studio Version 17
VisualStudioVersion = 17.4.33205.214
MinimumVisualStudioVersion = 10.0.40219.1
Project("{9A19103F-16F7-4668-BE54-9A1E7A4F7556}") = "Master.Server", "Master.Server\Master.Server.csproj", "{E9080DD4-C898-463E-B63A-35E4C135AF59}"
EndProject
Global
	GlobalSection(SolutionConfigurationPlatforms) = preSolution
		Debug|Any CPU = Debug|Any CPU
		Release|Any CPU = Release|Any CPU
	EndGlobalSection
	GlobalSection(ProjectConfigurationPlatforms) = postSolution
		{E9080DD4-C898-463E-B63A-35E4C135AF59}.Debug|Any CPU.ActiveCfg = Debug|Any CPU
		{E9080DD4-C898-463E-B63A-35E4C135AF59}.Debug|Any CPU.Build.0 = Debug|Any CPU
		{E9080DD4-C898-463E-B63A-35E4C135AF59}.Release|Any CPU.ActiveCfg = Release|Any CPU
		{E9080DD4-C898-463E-B63A-35E4C135AF59}.Release|Any CPU.Build.0 = Release|Any CPU
	EndGlobalSection
	GlobalSection(SolutionProperties) = preSolution
		HideSolutionNode = FALSE
	EndGlobalSection
	GlobalSection(ExtensibilityGlobals) = postSolution
		SolutionGuid = {9C4D8737-8C50-43F0-8AB1-F460065B1786}
	EndGlobalSection
EndGlobal
